
Microsoft Visual Studio Solution File, Format Version 12.00
# Visual Studio Version 16
VisualStudioVersion = 16.0.30002.166
MinimumVisualStudioVersion = 10.0.40219.1
Project("{FAE04EC0-301F-11D3-BF4B-00C04F79EFBC}") = "Demo.AutoMapper", "Demo.AutoMapper\Demo.AutoMapper.csproj", "{0C7FDB1D-79B1-4BCE-8F97-D5FCC7EE23B5}"
EndProject
Project("{FAE04EC0-301F-11D3-BF4B-00C04F79EFBC}") = "Demo.AutoMapper.Test", "Demo.AutoMapper.Test\Demo.AutoMapper.Test.csproj", "{B598A45A-7A15-4957-BB44-8396BB942E3F}"
EndProject
Global
	GlobalSection(SolutionConfigurationPlatforms) = preSolution
		Debug|Any CPU = Debug|Any CPU
		Release|Any CPU = Release|Any CPU
	EndGlobalSection
	GlobalSection(ProjectConfigurationPlatforms) = postSolution
		{0C7FDB1D-79B1-4BCE-8F97-D5FCC7EE23B5}.Debug|Any CPU.ActiveCfg = Debug|Any CPU
		{0C7FDB1D-79B1-4BCE-8F97-D5FCC7EE23B5}.Debug|Any CPU.Build.0 = Debug|Any CPU
		{0C7FDB1D-79B1-4BCE-8F97-D5FCC7EE23B5}.Release|Any CPU.ActiveCfg = Release|Any CPU
		{0C7FDB1D-79B1-4BCE-8F97-D5FCC7EE23B5}.Release|Any CPU.Build.0 = Release|Any CPU
		{B598A45A-7A15-4957-BB44-8396BB942E3F}.Debug|Any CPU.ActiveCfg = Debug|Any CPU
		{B598A45A-7A15-4957-BB44-8396BB942E3F}.Debug|Any CPU.Build.0 = Debug|Any CPU
		{B598A45A-7A15-4957-BB44-8396BB942E3F}.Release|Any CPU.ActiveCfg = Release|Any CPU
		{B598A45A-7A15-4957-BB44-8396BB942E3F}.Release|Any CPU.Build.0 = Release|Any CPU
	EndGlobalSection
	GlobalSection(SolutionProperties) = preSolution
		HideSolutionNode = FALSE
	EndGlobalSection
	GlobalSection(ExtensibilityGlobals) = postSolution
		SolutionGuid = {E4A822CE-69AF-42F9-87C9-0D94D42DB10E}
	EndGlobalSection
EndGlobal
